# THIS IS AN AUTOGENERATED FILE. DO NOT EDIT THIS FILE DIRECTLY.
# yarn lockfile v1


"@aero/centra@^1.0.3":
  version "1.0.7"
  resolved "https://registry.npmjs.org/@aero/centra/-/centra-1.0.7.tgz"

"@d-fischer/cache-decorators@^2.1.1":
  version "2.1.3"
  resolved "https://registry.npmjs.org/@d-fischer/cache-decorators/-/cache-decorators-2.1.3.tgz"
  dependencies:
    "@d-fischer/shared-utils" "^3.0.1"
    "@types/node" "^14.14.22"
    tslib "^2.1.0"

"@d-fischer/cross-fetch@^4.0.2":
  version "4.0.2"
  resolved "https://registry.npmjs.org/@d-fischer/cross-fetch/-/cross-fetch-4.0.2.tgz"
  dependencies:
    node-fetch "2.6.1"

"@d-fischer/deprecate@^2.0.2":
  version "2.0.2"
  resolved "https://registry.npmjs.org/@d-fischer/deprecate/-/deprecate-2.0.2.tgz"

"@d-fischer/logger@^3.1.0":
  version "3.1.0"
  resolved "https://registry.npmjs.org/@d-fischer/logger/-/logger-3.1.0.tgz"
  dependencies:
    detect-node "^2.0.4"
    tslib "^2.0.3"

"@d-fischer/logger@^4.0.0":
  version "4.1.1"
  resolved "https://registry.npmjs.org/@d-fischer/logger/-/logger-4.1.1.tgz"
  dependencies:
    "@d-fischer/shared-utils" "^3.2.0"
    detect-node "^2.0.4"
    tslib "^2.0.3"

"@d-fischer/promise.allsettled@^2.0.2":
  version "2.0.2"
  resolved "https://registry.npmjs.org/@d-fischer/promise.allsettled/-/promise.allsettled-2.0.2.tgz"
  dependencies:
    array.prototype.map "^1.0.3"
    call-bind "^1.0.2"
    define-properties "^1.1.3"
    es-abstract "^1.18.0-next.2"
    get-intrinsic "^1.0.2"
    iterate-value "^1.0.2"

"@d-fischer/qs@^7.0.2":
  version "7.0.2"
  resolved "https://registry.npmjs.org/@d-fischer/qs/-/qs-7.0.2.tgz"

"@d-fischer/rate-limiter@^0.4.3":
  version "0.4.5"
  resolved "https://registry.npmjs.org/@d-fischer/rate-limiter/-/rate-limiter-0.4.5.tgz"
  dependencies:
    "@d-fischer/logger" "^4.0.0"
    "@d-fischer/promise.allsettled" "^2.0.2"
    "@types/node" "^12.12.5"
    tslib "^2.0.3"

"@d-fischer/shared-utils@^3.0.1", "@d-fischer/shared-utils@^3.2.0":
  version "3.2.0"
  resolved "https://registry.npmjs.org/@d-fischer/shared-utils/-/shared-utils-3.2.0.tgz"
  dependencies:
    "@types/node" "^14.11.2"
    tslib "^2.0.3"

"@discordjs/builders@^0.6.0":
  version "0.6.0"
  resolved "https://registry.npmjs.org/@discordjs/builders/-/builders-0.6.0.tgz"
  dependencies:
    "@sindresorhus/is" "^4.0.1"
    discord-api-types "^0.22.0"
    ow "^0.27.0"
    ts-mixer "^6.0.0"
    tslib "^2.3.1"

"@discordjs/collection@^0.1.6":
  version "0.1.6"
  resolved "https://registry.npmjs.org/@discordjs/collection/-/collection-0.1.6.tgz"

"@discordjs/collection@^0.2.1":
  version "0.2.1"
  resolved "https://registry.npmjs.org/@discordjs/collection/-/collection-0.2.1.tgz"

"@discordjs/form-data@^3.0.1":
  version "3.0.1"
  resolved "https://registry.npmjs.org/@discordjs/form-data/-/form-data-3.0.1.tgz"
  dependencies:
    asynckit "^0.4.0"
    combined-stream "^1.0.8"
    mime-types "^2.1.12"

"@discordjs/node-pre-gyp@^0.4.1":
  version "0.4.1"
  resolved "https://registry.npmjs.org/@discordjs/node-pre-gyp/-/node-pre-gyp-0.4.1.tgz"
  dependencies:
    detect-libc "^1.0.3"
    https-proxy-agent "^5.0.0"
    make-dir "^3.1.0"
    node-fetch "^2.6.1"
    nopt "^5.0.0"
    npmlog "^5.0.0"
    rimraf "^3.0.2"
    semver "^7.3.5"
    tar "^6.1.8"

"@discordjs/opus@^0.6.0":
  version "0.6.0"
  resolved "https://registry.npmjs.org/@discordjs/opus/-/opus-0.6.0.tgz"
  dependencies:
    "@discordjs/node-pre-gyp" "^0.4.1"
    node-addon-api "^4.0.0"

"@discordjs/rest@^0.1.0-canary.0":
  version "0.1.0-canary.0"
  resolved "https://registry.npmjs.org/@discordjs/rest/-/rest-0.1.0-canary.0.tgz"
  dependencies:
    "@discordjs/collection" "^0.1.6"
    "@sapphire/async-queue" "^1.1.4"
    "@sapphire/snowflake" "^1.3.5"
    abort-controller "^3.0.0"
    discord-api-types "^0.18.1"
    form-data "^4.0.0"
    node-fetch "^2.6.1"
    tslib "^2.3.0"

"@sapphire/async-queue@^1.1.4", "@sapphire/async-queue@^1.1.5":
  version "1.1.7"
  resolved "https://registry.npmjs.org/@sapphire/async-queue/-/async-queue-1.1.7.tgz"

"@sapphire/snowflake@^1.3.5":
  version "1.3.6"
  resolved "https://registry.npmjs.org/@sapphire/snowflake/-/snowflake-1.3.6.tgz"

"@sindresorhus/is@^4.0.1":
  version "4.2.0"
  resolved "https://registry.npmjs.org/@sindresorhus/is/-/is-4.2.0.tgz"

"@types/bson@*":
  version "4.2.0"
  resolved "https://registry.npmjs.org/@types/bson/-/bson-4.2.0.tgz"
  dependencies:
    bson "*"

"@types/mongodb@^3.5.27":
  version "3.6.20"
  resolved "https://registry.npmjs.org/@types/mongodb/-/mongodb-3.6.20.tgz"
  dependencies:
    "@types/bson" "*"
    "@types/node" "*"

"@types/node-fetch@^2.5.7":
  version "2.5.12"
  resolved "https://registry.npmjs.org/@types/node-fetch/-/node-fetch-2.5.12.tgz"
  dependencies:
    "@types/node" "*"
    form-data "^3.0.0"

"@types/node@*":
  version "16.11.1"
  resolved "https://registry.npmjs.org/@types/node/-/node-16.11.1.tgz"

"@types/node@^12.12.5":
  version "12.20.33"
  resolved "https://registry.npmjs.org/@types/node/-/node-12.20.33.tgz"

"@types/node@^14.11.2", "@types/node@^14.14.22":
  version "14.17.27"
  resolved "https://registry.npmjs.org/@types/node/-/node-14.17.27.tgz"

"@types/ws@^8.2.0":
  version "8.2.0"
  resolved "https://registry.npmjs.org/@types/ws/-/ws-8.2.0.tgz"
  dependencies:
    "@types/node" "*"

abbrev@1:
  version "1.1.1"
  resolved "https://registry.npmjs.org/abbrev/-/abbrev-1.1.1.tgz"

abort-controller@^3.0.0:
  version "3.0.0"
  resolved "https://registry.npmjs.org/abort-controller/-/abort-controller-3.0.0.tgz"
  dependencies:
    event-target-shim "^5.0.0"

agent-base@6:
  version "6.0.2"
  resolved "https://registry.npmjs.org/agent-base/-/agent-base-6.0.2.tgz"
  dependencies:
    debug "4"

ansi-regex@^2.1.1:
  version "2.1.1"
  resolved "https://registry.npmjs.org/ansi-regex/-/ansi-regex-2.1.1.tgz"

ansi-regex@^3.0.0:
  version "3.0.0"
  resolved "https://registry.npmjs.org/ansi-regex/-/ansi-regex-3.0.0.tgz"

ansi-regex@^5.0.1:
  version "5.0.1"
  resolved "https://registry.npmjs.org/ansi-regex/-/ansi-regex-5.0.1.tgz"

"aproba@^1.0.3 || ^2.0.0":
  version "2.0.0"
  resolved "https://registry.npmjs.org/aproba/-/aproba-2.0.0.tgz"

are-we-there-yet@^2.0.0:
  version "2.0.0"
  resolved "https://registry.npmjs.org/are-we-there-yet/-/are-we-there-yet-2.0.0.tgz"
  dependencies:
    delegates "^1.0.0"
    readable-stream "^3.6.0"

array.prototype.map@^1.0.3:
  version "1.0.4"
  resolved "https://registry.npmjs.org/array.prototype.map/-/array.prototype.map-1.0.4.tgz"
  dependencies:
    call-bind "^1.0.2"
    define-properties "^1.1.3"
    es-abstract "^1.19.0"
    es-array-method-boxes-properly "^1.0.0"
    is-string "^1.0.7"

async.parallellimit@~0.5.2:
  version "0.5.2"
  resolved "https://registry.npmjs.org/async.parallellimit/-/async.parallellimit-0.5.2.tgz"
  dependencies:
    async.util.eachoflimit "0.5.2"
    async.util.parallel "0.5.2"

async.util.eachoflimit@0.5.2:
  version "0.5.2"
  resolved "https://registry.npmjs.org/async.util.eachoflimit/-/async.util.eachoflimit-0.5.2.tgz"
  dependencies:
    async.util.keyiterator "0.5.2"
    async.util.noop "0.5.2"
    async.util.once "0.5.2"
    async.util.onlyonce "0.5.2"

async.util.isarray@0.5.2:
  version "0.5.2"
  resolved "https://registry.npmjs.org/async.util.isarray/-/async.util.isarray-0.5.2.tgz"

async.util.isarraylike@0.5.2:
  version "0.5.2"
  resolved "https://registry.npmjs.org/async.util.isarraylike/-/async.util.isarraylike-0.5.2.tgz"
  dependencies:
    async.util.isarray "0.5.2"

async.util.keyiterator@0.5.2:
  version "0.5.2"
  resolved "https://registry.npmjs.org/async.util.keyiterator/-/async.util.keyiterator-0.5.2.tgz"
  dependencies:
    async.util.isarraylike "0.5.2"
    async.util.keys "0.5.2"

async.util.keys@0.5.2:
  version "0.5.2"
  resolved "https://registry.npmjs.org/async.util.keys/-/async.util.keys-0.5.2.tgz"

async.util.noop@0.5.2:
  version "0.5.2"
  resolved "https://registry.npmjs.org/async.util.noop/-/async.util.noop-0.5.2.tgz"

async.util.once@0.5.2:
  version "0.5.2"
  resolved "https://registry.npmjs.org/async.util.once/-/async.util.once-0.5.2.tgz"

async.util.onlyonce@0.5.2:
  version "0.5.2"
  resolved "https://registry.npmjs.org/async.util.onlyonce/-/async.util.onlyonce-0.5.2.tgz"

async.util.parallel@0.5.2:
  version "0.5.2"
  resolved "https://registry.npmjs.org/async.util.parallel/-/async.util.parallel-0.5.2.tgz"
  dependencies:
    async.util.isarraylike "0.5.2"
    async.util.noop "0.5.2"
    async.util.restparam "0.5.2"

async.util.restparam@0.5.2:
  version "0.5.2"
  resolved "https://registry.npmjs.org/async.util.restparam/-/async.util.restparam-0.5.2.tgz"

asynckit@^0.4.0:
  version "0.4.0"
  resolved "https://registry.npmjs.org/asynckit/-/asynckit-0.4.0.tgz"

balanced-match@^1.0.0:
  version "1.0.2"
  resolved "https://registry.npmjs.org/balanced-match/-/balanced-match-1.0.2.tgz"

bl@^2.2.1:
  version "2.2.1"
  resolved "https://registry.npmjs.org/bl/-/bl-2.2.1.tgz"
  dependencies:
    readable-stream "^2.3.5"
    safe-buffer "^5.1.1"

bluebird@3.5.1:
  version "3.5.1"
  resolved "https://registry.npmjs.org/bluebird/-/bluebird-3.5.1.tgz"

boolbase@^1.0.0:
  version "1.0.0"
  resolved "https://registry.npmjs.org/boolbase/-/boolbase-1.0.0.tgz"

boolstring@~1.0.2:
  version "1.0.2"
  resolved "https://registry.npmjs.org/boolstring/-/boolstring-1.0.2.tgz"

brace-expansion@^1.1.7:
  version "1.1.11"
  resolved "https://registry.npmjs.org/brace-expansion/-/brace-expansion-1.1.11.tgz"
  dependencies:
    balanced-match "^1.0.0"
    concat-map "0.0.1"

bson@*, bson@^1.1.4:
  version "1.1.6"
  resolved "https://registry.npmjs.org/bson/-/bson-1.1.6.tgz"

bufferutil@^4.0.5:
  version "4.0.5"
  resolved "https://registry.npmjs.org/bufferutil/-/bufferutil-4.0.5.tgz"
  dependencies:
    node-gyp-build "^4.3.0"

call-bind@^1.0.0, call-bind@^1.0.2:
  version "1.0.2"
  resolved "https://registry.npmjs.org/call-bind/-/call-bind-1.0.2.tgz"
  dependencies:
    function-bind "^1.1.1"
    get-intrinsic "^1.0.2"

callsites@^3.1.0:
  version "3.1.0"
  resolved "https://registry.npmjs.org/callsites/-/callsites-3.1.0.tgz"

capture-stack-trace@^1.0.0:
  version "1.0.1"
  resolved "https://registry.npmjs.org/capture-stack-trace/-/capture-stack-trace-1.0.1.tgz"

check-swear@^1.1.0:
  version "1.1.0"
  resolved "https://registry.npmjs.org/check-swear/-/check-swear-1.1.0.tgz"

cheerio-select@^1.5.0:
  version "1.5.0"
  resolved "https://registry.npmjs.org/cheerio-select/-/cheerio-select-1.5.0.tgz"
  dependencies:
    css-select "^4.1.3"
    css-what "^5.0.1"
    domelementtype "^2.2.0"
    domhandler "^4.2.0"
    domutils "^2.7.0"

cheerio@^1.0.0-rc.10:
  version "1.0.0-rc.10"
  resolved "https://registry.npmjs.org/cheerio/-/cheerio-1.0.0-rc.10.tgz"
  dependencies:
    cheerio-select "^1.5.0"
    dom-serializer "^1.3.2"
    domhandler "^4.2.0"
    htmlparser2 "^6.1.0"
    parse5 "^6.0.1"
    parse5-htmlparser2-tree-adapter "^6.0.1"
    tslib "^2.2.0"

chownr@^2.0.0:
  version "2.0.0"
  resolved "https://registry.npmjs.org/chownr/-/chownr-2.0.0.tgz"

cli-color@~1.2.0:
  version "1.2.0"
  resolved "https://registry.npmjs.org/cli-color/-/cli-color-1.2.0.tgz"
  dependencies:
    ansi-regex "^2.1.1"
    d "1"
    es5-ext "^0.10.12"
    es6-iterator "2"
    memoizee "^0.4.3"
    timers-ext "0.1"

color-support@^1.1.2:
  version "1.1.3"
  resolved "https://registry.npmjs.org/color-support/-/color-support-1.1.3.tgz"

combined-stream@^1.0.8:
  version "1.0.8"
  resolved "https://registry.npmjs.org/combined-stream/-/combined-stream-1.0.8.tgz"
  dependencies:
    delayed-stream "~1.0.0"

concat-map@0.0.1:
  version "0.0.1"
  resolved "https://registry.npmjs.org/concat-map/-/concat-map-0.0.1.tgz"

console-control-strings@^1.0.0, console-control-strings@^1.1.0:
  version "1.1.0"
  resolved "https://registry.npmjs.org/console-control-strings/-/console-control-strings-1.1.0.tgz"

core-util-is@~1.0.0:
  version "1.0.3"
  resolved "https://registry.npmjs.org/core-util-is/-/core-util-is-1.0.3.tgz"

create-error-class@^3.0.0:
  version "3.0.2"
  resolved "https://registry.npmjs.org/create-error-class/-/create-error-class-3.0.2.tgz"
  dependencies:
    capture-stack-trace "^1.0.0"

css-select@^4.1.3:
  version "4.1.3"
  resolved "https://registry.npmjs.org/css-select/-/css-select-4.1.3.tgz"
  dependencies:
    boolbase "^1.0.0"
    css-what "^5.0.0"
    domhandler "^4.2.0"
    domutils "^2.6.0"
    nth-check "^2.0.0"

css-what@^5.0.0, css-what@^5.0.1:
  version "5.1.0"
  resolved "https://registry.npmjs.org/css-what/-/css-what-5.1.0.tgz"

d@1, d@^1.0.1:
  version "1.0.1"
  resolved "https://registry.npmjs.org/d/-/d-1.0.1.tgz"
  dependencies:
    es5-ext "^0.10.50"
    type "^1.0.1"

dasu@~0.4.2:
  version "0.4.2"
  resolved "https://registry.npmjs.org/dasu/-/dasu-0.4.2.tgz"

data-uri-to-buffer@^3.0.1:
  version "3.0.1"
  resolved "https://registry.npmjs.org/data-uri-to-buffer/-/data-uri-to-buffer-3.0.1.tgz"

debug@3.1.0:
  version "3.1.0"
  resolved "https://registry.npmjs.org/debug/-/debug-3.1.0.tgz"
  dependencies:
    ms "2.0.0"

debug@4:
  version "4.3.2"
  resolved "https://registry.npmjs.org/debug/-/debug-4.3.2.tgz"
  dependencies:
    ms "2.1.2"

define-properties@^1.1.3:
  version "1.1.3"
  resolved "https://registry.npmjs.org/define-properties/-/define-properties-1.1.3.tgz"
  dependencies:
    object-keys "^1.0.12"

delayed-stream@~1.0.0:
  version "1.0.0"
  resolved "https://registry.npmjs.org/delayed-stream/-/delayed-stream-1.0.0.tgz"

delegates@^1.0.0:
  version "1.0.0"
  resolved "https://registry.npmjs.org/delegates/-/delegates-1.0.0.tgz"

denque@^1.4.1:
  version "1.5.1"
  resolved "https://registry.npmjs.org/denque/-/denque-1.5.1.tgz"

detect-libc@^1.0.3:
  version "1.0.3"
  resolved "https://registry.npmjs.org/detect-libc/-/detect-libc-1.0.3.tgz"

detect-node@^2.0.4:
  version "2.1.0"
  resolved "https://registry.npmjs.org/detect-node/-/detect-node-2.1.0.tgz"

discord-api-types@^0.18.1:
  version "0.18.1"
  resolved "https://registry.npmjs.org/discord-api-types/-/discord-api-types-0.18.1.tgz"

discord-api-types@^0.22.0:
  version "0.22.0"
  resolved "https://registry.npmjs.org/discord-api-types/-/discord-api-types-0.22.0.tgz"

discord-api-types@^0.23.1:
  version "0.23.1"
  resolved "https://registry.npmjs.org/discord-api-types/-/discord-api-types-0.23.1.tgz"

discord-api-types@^0.24.0:
  version "0.24.0"
  resolved "https://registry.npmjs.org/discord-api-types/-/discord-api-types-0.24.0.tgz"

discord.js@^13.2.0:
  version "13.2.0"
  resolved "https://registry.npmjs.org/discord.js/-/discord.js-13.2.0.tgz"
  dependencies:
    "@discordjs/builders" "^0.6.0"
    "@discordjs/collection" "^0.2.1"
    "@discordjs/form-data" "^3.0.1"
    "@sapphire/async-queue" "^1.1.5"
    "@types/ws" "^8.2.0"
    discord-api-types "^0.23.1"
    node-fetch "^2.6.1"
    ws "^8.2.3"

dom-serializer@^1.0.1, dom-serializer@^1.3.2:
  version "1.3.2"
  resolved "https://registry.npmjs.org/dom-serializer/-/dom-serializer-1.3.2.tgz"
  dependencies:
    domelementtype "^2.0.1"
    domhandler "^4.2.0"
    entities "^2.0.0"

domelementtype@^2.0.1, domelementtype@^2.2.0:
  version "2.2.0"
  resolved "https://registry.npmjs.org/domelementtype/-/domelementtype-2.2.0.tgz"

domhandler@^4.0.0, domhandler@^4.2.0:
  version "4.2.2"
  resolved "https://registry.npmjs.org/domhandler/-/domhandler-4.2.2.tgz"
  dependencies:
    domelementtype "^2.2.0"

domutils@^2.5.2, domutils@^2.6.0, domutils@^2.7.0:
  version "2.8.0"
  resolved "https://registry.npmjs.org/domutils/-/domutils-2.8.0.tgz"
  dependencies:
    dom-serializer "^1.0.1"
    domelementtype "^2.2.0"
    domhandler "^4.2.0"

dot-prop@^6.0.1:
  version "6.0.1"
  resolved "https://registry.npmjs.org/dot-prop/-/dot-prop-6.0.1.tgz"
  dependencies:
    is-obj "^2.0.0"

dotenv@^10.0.0:
  version "10.0.0"
  resolved "https://registry.npmjs.org/dotenv/-/dotenv-10.0.0.tgz"

duplexer3@^0.1.4:
  version "0.1.4"
  resolved "https://registry.npmjs.org/duplexer3/-/duplexer3-0.1.4.tgz"

emoji-regex@^8.0.0:
  version "8.0.0"
  resolved "https://registry.npmjs.org/emoji-regex/-/emoji-regex-8.0.0.tgz"

entities@^2.0.0:
  version "2.2.0"
  resolved "https://registry.npmjs.org/entities/-/entities-2.2.0.tgz"

es-abstract@^1.18.0-next.2, es-abstract@^1.19.0:
  version "1.19.1"
  resolved "https://registry.npmjs.org/es-abstract/-/es-abstract-1.19.1.tgz"
  dependencies:
    call-bind "^1.0.2"
    es-to-primitive "^1.2.1"
    function-bind "^1.1.1"
    get-intrinsic "^1.1.1"
    get-symbol-description "^1.0.0"
    has "^1.0.3"
    has-symbols "^1.0.2"
    internal-slot "^1.0.3"
    is-callable "^1.2.4"
    is-negative-zero "^2.0.1"
    is-regex "^1.1.4"
    is-shared-array-buffer "^1.0.1"
    is-string "^1.0.7"
    is-weakref "^1.0.1"
    object-inspect "^1.11.0"
    object-keys "^1.1.1"
    object.assign "^4.1.2"
    string.prototype.trimend "^1.0.4"
    string.prototype.trimstart "^1.0.4"
    unbox-primitive "^1.0.1"

es-array-method-boxes-properly@^1.0.0:
  version "1.0.0"
  resolved "https://registry.npmjs.org/es-array-method-boxes-properly/-/es-array-method-boxes-properly-1.0.0.tgz"

es-get-iterator@^1.0.2:
  version "1.1.2"
  resolved "https://registry.npmjs.org/es-get-iterator/-/es-get-iterator-1.1.2.tgz"
  dependencies:
    call-bind "^1.0.2"
    get-intrinsic "^1.1.0"
    has-symbols "^1.0.1"
    is-arguments "^1.1.0"
    is-map "^2.0.2"
    is-set "^2.0.2"
    is-string "^1.0.5"
    isarray "^2.0.5"

es-to-primitive@^1.2.1:
  version "1.2.1"
  resolved "https://registry.npmjs.org/es-to-primitive/-/es-to-primitive-1.2.1.tgz"
  dependencies:
    is-callable "^1.1.4"
    is-date-object "^1.0.1"
    is-symbol "^1.0.2"

es5-ext@^0.10.12, es5-ext@^0.10.35, es5-ext@^0.10.46, es5-ext@^0.10.50, es5-ext@^0.10.53, es5-ext@~0.10.14, es5-ext@~0.10.2, es5-ext@~0.10.46:
  version "0.10.53"
  resolved "https://registry.npmjs.org/es5-ext/-/es5-ext-0.10.53.tgz"
  dependencies:
    es6-iterator "~2.0.3"
    es6-symbol "~3.1.3"
    next-tick "~1.0.0"

es6-iterator@2, es6-iterator@^2.0.3, es6-iterator@~2.0.3:
  version "2.0.3"
  resolved "https://registry.npmjs.org/es6-iterator/-/es6-iterator-2.0.3.tgz"
  dependencies:
    d "1"
    es5-ext "^0.10.35"
    es6-symbol "^3.1.1"

es6-symbol@^3.1.1, es6-symbol@~3.1.3:
  version "3.1.3"
  resolved "https://registry.npmjs.org/es6-symbol/-/es6-symbol-3.1.3.tgz"
  dependencies:
    d "^1.0.1"
    ext "^1.1.2"

es6-weak-map@^2.0.3:
  version "2.0.3"
  resolved "https://registry.npmjs.org/es6-weak-map/-/es6-weak-map-2.0.3.tgz"
  dependencies:
    d "1"
    es5-ext "^0.10.46"
    es6-iterator "^2.0.3"
    es6-symbol "^3.1.1"

event-emitter@^0.3.5:
  version "0.3.5"
  resolved "https://registry.npmjs.org/event-emitter/-/event-emitter-0.3.5.tgz"
  dependencies:
    d "1"
    es5-ext "~0.10.14"

event-target-shim@^5.0.0:
  version "5.0.1"
  resolved "https://registry.npmjs.org/event-target-shim/-/event-target-shim-5.0.1.tgz"

eventemitter3@^1.2.0:
  version "1.2.0"
  resolved "https://registry.npmjs.org/eventemitter3/-/eventemitter3-1.2.0.tgz"

ext@^1.1.2:
  version "1.6.0"
  resolved "https://registry.npmjs.org/ext/-/ext-1.6.0.tgz"
  dependencies:
    type "^2.5.0"

fetch-blob@^3.1.2:
  version "3.1.2"
  resolved "https://registry.npmjs.org/fetch-blob/-/fetch-blob-3.1.2.tgz"
  dependencies:
    web-streams-polyfill "^3.0.3"

form-data@^3.0.0:
  version "3.0.1"
  resolved "https://registry.npmjs.org/form-data/-/form-data-3.0.1.tgz"
  dependencies:
    asynckit "^0.4.0"
    combined-stream "^1.0.8"
    mime-types "^2.1.12"

form-data@^4.0.0:
  version "4.0.0"
  resolved "https://registry.npmjs.org/form-data/-/form-data-4.0.0.tgz"
  dependencies:
    asynckit "^0.4.0"
    combined-stream "^1.0.8"
    mime-types "^2.1.12"

fortnite@^4.3.2:
  version "4.3.2"
  resolved "https://registry.npmjs.org/fortnite/-/fortnite-4.3.2.tgz"
  dependencies:
    node-fetch "^2.3.0"

fs-minipass@^2.0.0:
  version "2.1.0"
  resolved "https://registry.npmjs.org/fs-minipass/-/fs-minipass-2.1.0.tgz"
  dependencies:
    minipass "^3.0.0"

fs.realpath@^1.0.0:
  version "1.0.0"
  resolved "https://registry.npmjs.org/fs.realpath/-/fs.realpath-1.0.0.tgz"

function-bind@^1.1.1:
  version "1.1.1"
  resolved "https://registry.npmjs.org/function-bind/-/function-bind-1.1.1.tgz"

gauge@^3.0.0:
  version "3.0.1"
  resolved "https://registry.npmjs.org/gauge/-/gauge-3.0.1.tgz"
  dependencies:
    aproba "^1.0.3 || ^2.0.0"
    color-support "^1.1.2"
    console-control-strings "^1.0.0"
    has-unicode "^2.0.1"
    object-assign "^4.1.1"
    signal-exit "^3.0.0"
    string-width "^1.0.1 || ^2.0.0"
    strip-ansi "^3.0.1 || ^4.0.0"
    wide-align "^1.1.2"

get-intrinsic@^1.0.2, get-intrinsic@^1.1.0, get-intrinsic@^1.1.1:
  version "1.1.1"
  resolved "https://registry.npmjs.org/get-intrinsic/-/get-intrinsic-1.1.1.tgz"
  dependencies:
    function-bind "^1.1.1"
    has "^1.0.3"
    has-symbols "^1.0.1"

get-stream@^3.0.0:
  version "3.0.0"
  resolved "https://registry.npmjs.org/get-stream/-/get-stream-3.0.0.tgz"

get-symbol-description@^1.0.0:
  version "1.0.0"
  resolved "https://registry.npmjs.org/get-symbol-description/-/get-symbol-description-1.0.0.tgz"
  dependencies:
    call-bind "^1.0.2"
    get-intrinsic "^1.1.1"

glob@^7.1.3:
  version "7.2.0"
  resolved "https://registry.npmjs.org/glob/-/glob-7.2.0.tgz"
  dependencies:
    fs.realpath "^1.0.0"
    inflight "^1.0.4"
    inherits "2"
    minimatch "^3.0.4"
    once "^1.3.0"
    path-is-absolute "^1.0.0"

got@^6.3.0:
  version "6.7.1"
  resolved "https://registry.npmjs.org/got/-/got-6.7.1.tgz"
  dependencies:
    create-error-class "^3.0.0"
    duplexer3 "^0.1.4"
    get-stream "^3.0.0"
    is-redirect "^1.0.0"
    is-retry-allowed "^1.0.0"
    is-stream "^1.0.0"
    lowercase-keys "^1.0.0"
    safe-buffer "^5.0.1"
    timed-out "^4.0.0"
    unzip-response "^2.0.1"
    url-parse-lax "^1.0.0"

has-bigints@^1.0.1:
  version "1.0.1"
  resolved "https://registry.npmjs.org/has-bigints/-/has-bigints-1.0.1.tgz"

has-symbols@^1.0.1, has-symbols@^1.0.2:
  version "1.0.2"
  resolved "https://registry.npmjs.org/has-symbols/-/has-symbols-1.0.2.tgz"

has-tostringtag@^1.0.0:
  version "1.0.0"
  resolved "https://registry.npmjs.org/has-tostringtag/-/has-tostringtag-1.0.0.tgz"
  dependencies:
    has-symbols "^1.0.2"

has-unicode@^2.0.1:
  version "2.0.1"
  resolved "https://registry.npmjs.org/has-unicode/-/has-unicode-2.0.1.tgz"

has@^1.0.3:
  version "1.0.3"
  resolved "https://registry.npmjs.org/has/-/has-1.0.3.tgz"
  dependencies:
    function-bind "^1.1.1"

htmlparser2@^6.1.0:
  version "6.1.0"
  resolved "https://registry.npmjs.org/htmlparser2/-/htmlparser2-6.1.0.tgz"
  dependencies:
    domelementtype "^2.0.1"
    domhandler "^4.0.0"
    domutils "^2.5.2"
    entities "^2.0.0"

https-proxy-agent@^5.0.0:
  version "5.0.0"
  resolved "https://registry.npmjs.org/https-proxy-agent/-/https-proxy-agent-5.0.0.tgz"
  dependencies:
    agent-base "6"
    debug "4"

human-time@0.0.2:
  version "0.0.2"
  resolved "https://registry.npmjs.org/human-time/-/human-time-0.0.2.tgz"

inflight@^1.0.4:
  version "1.0.6"
  resolved "https://registry.npmjs.org/inflight/-/inflight-1.0.6.tgz"
  dependencies:
    once "^1.3.0"
    wrappy "1"

inherits@2, inherits@^2.0.3, inherits@~2.0.3:
  version "2.0.4"
  resolved "https://registry.npmjs.org/inherits/-/inherits-2.0.4.tgz"

internal-slot@^1.0.3:
  version "1.0.3"
  resolved "https://registry.npmjs.org/internal-slot/-/internal-slot-1.0.3.tgz"
  dependencies:
    get-intrinsic "^1.1.0"
    has "^1.0.3"
    side-channel "^1.0.4"

is-arguments@^1.1.0:
  version "1.1.1"
  resolved "https://registry.npmjs.org/is-arguments/-/is-arguments-1.1.1.tgz"
  dependencies:
    call-bind "^1.0.2"
    has-tostringtag "^1.0.0"

is-bigint@^1.0.1:
  version "1.0.4"
  resolved "https://registry.npmjs.org/is-bigint/-/is-bigint-1.0.4.tgz"
  dependencies:
    has-bigints "^1.0.1"

is-boolean-object@^1.1.0:
  version "1.1.2"
  resolved "https://registry.npmjs.org/is-boolean-object/-/is-boolean-object-1.1.2.tgz"
  dependencies:
    call-bind "^1.0.2"
    has-tostringtag "^1.0.0"

is-callable@^1.1.4, is-callable@^1.2.4:
  version "1.2.4"
  resolved "https://registry.npmjs.org/is-callable/-/is-callable-1.2.4.tgz"

is-date-object@^1.0.1:
  version "1.0.5"
  resolved "https://registry.npmjs.org/is-date-object/-/is-date-object-1.0.5.tgz"
  dependencies:
    has-tostringtag "^1.0.0"

is-fullwidth-code-point@^2.0.0:
  version "2.0.0"
  resolved "https://registry.npmjs.org/is-fullwidth-code-point/-/is-fullwidth-code-point-2.0.0.tgz"

is-fullwidth-code-point@^3.0.0:
  version "3.0.0"
  resolved "https://registry.npmjs.org/is-fullwidth-code-point/-/is-fullwidth-code-point-3.0.0.tgz"

is-map@^2.0.2:
  version "2.0.2"
  resolved "https://registry.npmjs.org/is-map/-/is-map-2.0.2.tgz"

is-negative-zero@^2.0.1:
  version "2.0.1"
  resolved "https://registry.npmjs.org/is-negative-zero/-/is-negative-zero-2.0.1.tgz"

is-number-object@^1.0.4:
  version "1.0.6"
  resolved "https://registry.npmjs.org/is-number-object/-/is-number-object-1.0.6.tgz"
  dependencies:
    has-tostringtag "^1.0.0"

is-obj@^2.0.0:
  version "2.0.0"
  resolved "https://registry.npmjs.org/is-obj/-/is-obj-2.0.0.tgz"

is-promise@^2.2.2:
  version "2.2.2"
  resolved "https://registry.npmjs.org/is-promise/-/is-promise-2.2.2.tgz"

is-redirect@^1.0.0:
  version "1.0.0"
  resolved "https://registry.npmjs.org/is-redirect/-/is-redirect-1.0.0.tgz"

is-regex@^1.1.4:
  version "1.1.4"
  resolved "https://registry.npmjs.org/is-regex/-/is-regex-1.1.4.tgz"
  dependencies:
    call-bind "^1.0.2"
    has-tostringtag "^1.0.0"

is-retry-allowed@^1.0.0:
  version "1.2.0"
  resolved "https://registry.npmjs.org/is-retry-allowed/-/is-retry-allowed-1.2.0.tgz"

is-set@^2.0.2:
  version "2.0.2"
  resolved "https://registry.npmjs.org/is-set/-/is-set-2.0.2.tgz"

is-shared-array-buffer@^1.0.1:
  version "1.0.1"
  resolved "https://registry.npmjs.org/is-shared-array-buffer/-/is-shared-array-buffer-1.0.1.tgz"

is-stream@^1.0.0:
  version "1.1.0"
  resolved "https://registry.npmjs.org/is-stream/-/is-stream-1.1.0.tgz"

is-string@^1.0.5, is-string@^1.0.7:
  version "1.0.7"
  resolved "https://registry.npmjs.org/is-string/-/is-string-1.0.7.tgz"
  dependencies:
    has-tostringtag "^1.0.0"

is-symbol@^1.0.2, is-symbol@^1.0.3:
  version "1.0.4"
  resolved "https://registry.npmjs.org/is-symbol/-/is-symbol-1.0.4.tgz"
  dependencies:
    has-symbols "^1.0.2"

is-weakref@^1.0.1:
  version "1.0.1"
  resolved "https://registry.npmjs.org/is-weakref/-/is-weakref-1.0.1.tgz"
  dependencies:
    call-bind "^1.0.0"

isarray@^2.0.5:
  version "2.0.5"
  resolved "https://registry.npmjs.org/isarray/-/isarray-2.0.5.tgz"

isarray@~1.0.0:
  version "1.0.0"
  resolved "https://registry.npmjs.org/isarray/-/isarray-1.0.0.tgz"

iterate-iterator@^1.0.1:
  version "1.0.2"
  resolved "https://registry.npmjs.org/iterate-iterator/-/iterate-iterator-1.0.2.tgz"

iterate-value@^1.0.2:
  version "1.0.2"
  resolved "https://registry.npmjs.org/iterate-value/-/iterate-value-1.0.2.tgz"
  dependencies:
    es-get-iterator "^1.0.2"
    iterate-iterator "^1.0.1"

jsonpath-plus@~5.0.2:
  version "5.0.7"
  resolved "https://registry.npmjs.org/jsonpath-plus/-/jsonpath-plus-5.0.7.tgz"

kareem@2.3.2:
  version "2.3.2"
  resolved "https://registry.npmjs.org/kareem/-/kareem-2.3.2.tgz"

keypress@~0.2.1:
  version "0.2.1"
  resolved "https://registry.npmjs.org/keypress/-/keypress-0.2.1.tgz"

lodash.isequal@^4.5.0:
  version "4.5.0"
  resolved "https://registry.npmjs.org/lodash.isequal/-/lodash.isequal-4.5.0.tgz"

lowercase-keys@^1.0.0:
  version "1.0.1"
  resolved "https://registry.npmjs.org/lowercase-keys/-/lowercase-keys-1.0.1.tgz"

lru-cache@^6.0.0:
  version "6.0.0"
  resolved "https://registry.npmjs.org/lru-cache/-/lru-cache-6.0.0.tgz"
  dependencies:
    yallist "^4.0.0"

lru-queue@^0.1.0:
  version "0.1.0"
  resolved "https://registry.npmjs.org/lru-queue/-/lru-queue-0.1.0.tgz"
  dependencies:
    es5-ext "~0.10.2"

m3u8stream@^0.8.3:
  version "0.8.4"
  resolved "https://registry.npmjs.org/m3u8stream/-/m3u8stream-0.8.4.tgz"
  dependencies:
    miniget "^4.0.0"
    sax "^1.2.4"

make-dir@^3.1.0:
  version "3.1.0"
  resolved "https://registry.npmjs.org/make-dir/-/make-dir-3.1.0.tgz"
  dependencies:
    semver "^6.0.0"

memoizee@^0.4.3:
  version "0.4.15"
  resolved "https://registry.npmjs.org/memoizee/-/memoizee-0.4.15.tgz"
  dependencies:
    d "^1.0.1"
    es5-ext "^0.10.53"
    es6-weak-map "^2.0.3"
    event-emitter "^0.3.5"
    is-promise "^2.2.2"
    lru-queue "^0.1.0"
    next-tick "^1.1.0"
    timers-ext "^0.1.7"

memory-pager@^1.0.2:
  version "1.5.0"
  resolved "https://registry.npmjs.org/memory-pager/-/memory-pager-1.5.0.tgz"

mime-db@1.50.0:
  version "1.50.0"
  resolved "https://registry.npmjs.org/mime-db/-/mime-db-1.50.0.tgz"

mime-types@^2.1.12:
  version "2.1.33"
  resolved "https://registry.npmjs.org/mime-types/-/mime-types-2.1.33.tgz"
  dependencies:
    mime-db "1.50.0"

miniget@^4.0.0:
  version "4.2.1"
  resolved "https://registry.npmjs.org/miniget/-/miniget-4.2.1.tgz"

minimatch@^3.0.4, minimatch@~3.0.4:
  version "3.0.4"
  resolved "https://registry.npmjs.org/minimatch/-/minimatch-3.0.4.tgz"
  dependencies:
    brace-expansion "^1.1.7"

minimist@~1.2.0, minimist@~1.2.5:
  version "1.2.6"
  resolved "https://registry.yarnpkg.com/minimist/-/minimist-1.2.6.tgz#8637a5b759ea0d6e98702cfb3a9283323c93af44"

minipass@^3.0.0:
  version "3.1.5"
  resolved "https://registry.npmjs.org/minipass/-/minipass-3.1.5.tgz"
  dependencies:
    yallist "^4.0.0"

minizlib@^2.1.1:
  version "2.1.2"
  resolved "https://registry.npmjs.org/minizlib/-/minizlib-2.1.2.tgz"
  dependencies:
    minipass "^3.0.0"
    yallist "^4.0.0"

mkdirp@^1.0.3:
  version "1.0.4"
  resolved "https://registry.npmjs.org/mkdirp/-/mkdirp-1.0.4.tgz"

mongodb@3.6.3:
  version "3.6.3"
  resolved "https://registry.npmjs.org/mongodb/-/mongodb-3.6.3.tgz"
  dependencies:
    bl "^2.2.1"
    bson "^1.1.4"
    denque "^1.4.1"
    require_optional "^1.0.1"
    safe-buffer "^5.1.2"
  optionalDependencies:
    saslprep "^1.0.0"

mongoose-legacy-pluralize@1.0.2:
  version "1.0.2"
  resolved "https://registry.npmjs.org/mongoose-legacy-pluralize/-/mongoose-legacy-pluralize-1.0.2.tgz"

mongoose@5.11.7:
  version "5.11.7"
  resolved "https://registry.npmjs.org/mongoose/-/mongoose-5.11.7.tgz"
  dependencies:
    "@types/mongodb" "^3.5.27"
    bson "^1.1.4"
    kareem "2.3.2"
    mongodb "3.6.3"
    mongoose-legacy-pluralize "1.0.2"
    mpath "0.8.1"
    mquery "3.2.3"
    ms "2.1.2"
    regexp-clone "1.0.0"
    safe-buffer "5.2.1"
    sift "7.0.1"
    sliced "1.0.1"

mpath@0.8.1:
  version "0.8.1"
  resolved "https://registry.npmjs.org/mpath/-/mpath-0.8.1.tgz"

mquery@3.2.3:
  version "3.2.3"
  resolved "https://registry.npmjs.org/mquery/-/mquery-3.2.3.tgz"
  dependencies:
    bluebird "3.5.1"
    debug "3.1.0"
    regexp-clone "^1.0.0"
    safe-buffer "5.1.2"
    sliced "1.0.1"

ms@2.0.0:
  version "2.0.0"
  resolved "https://registry.npmjs.org/ms/-/ms-2.0.0.tgz"

ms@2.1.2:
  version "2.1.2"
  resolved "https://registry.npmjs.org/ms/-/ms-2.1.2.tgz"

ms@^2.1.3:
  version "2.1.3"
  resolved "https://registry.npmjs.org/ms/-/ms-2.1.3.tgz"

next-tick@1, next-tick@~1.0.0:
  version "1.0.0"
  resolved "https://registry.npmjs.org/next-tick/-/next-tick-1.0.0.tgz"

next-tick@^1.1.0:
  version "1.1.0"
  resolved "https://registry.npmjs.org/next-tick/-/next-tick-1.1.0.tgz"

node-addon-api@^4.0.0:
  version "4.2.0"
  resolved "https://registry.npmjs.org/node-addon-api/-/node-addon-api-4.2.0.tgz"

node-fetch@2.6.1:
  version "2.6.1"
  resolved "https://registry.npmjs.org/node-fetch/-/node-fetch-2.6.1.tgz"

node-fetch@^2.3.0, node-fetch@^2.6.1:
  version "2.6.5"
  resolved "https://registry.npmjs.org/node-fetch/-/node-fetch-2.6.5.tgz"
  dependencies:
    whatwg-url "^5.0.0"

node-fetch@^3.0.0:
  version "3.0.0"
  resolved "https://registry.npmjs.org/node-fetch/-/node-fetch-3.0.0.tgz"
  dependencies:
    data-uri-to-buffer "^3.0.1"
    fetch-blob "^3.1.2"

node-fzf@~0.5.1:
  version "0.5.3"
  resolved "https://registry.npmjs.org/node-fzf/-/node-fzf-0.5.3.tgz"
  dependencies:
    cli-color "~1.2.0"
    keypress "~0.2.1"
    minimist "~1.2.0"
    redstar "0.0.2"
    string-width "~2.1.1"
    ttys "0.0.3"

node-gyp-build@^4.3.0:
  version "4.3.0"
  resolved "https://registry.npmjs.org/node-gyp-build/-/node-gyp-build-4.3.0.tgz"

nopt@^5.0.0:
  version "5.0.0"
  resolved "https://registry.npmjs.org/nopt/-/nopt-5.0.0.tgz"
  dependencies:
    abbrev "1"

novelcovid@^3.0.2:
  version "3.0.2"
  resolved "https://registry.npmjs.org/novelcovid/-/novelcovid-3.0.2.tgz"
  dependencies:
    "@aero/centra" "^1.0.3"

npmlog@^5.0.0:
  version "5.0.1"
  resolved "https://registry.npmjs.org/npmlog/-/npmlog-5.0.1.tgz"
  dependencies:
    are-we-there-yet "^2.0.0"
    console-control-strings "^1.1.0"
    gauge "^3.0.0"
    set-blocking "^2.0.0"

nth-check@^2.0.0:
  version "2.0.1"
  resolved "https://registry.npmjs.org/nth-check/-/nth-check-2.0.1.tgz"
  dependencies:
    boolbase "^1.0.0"

object-assign@^4.1.1:
  version "4.1.1"
  resolved "https://registry.npmjs.org/object-assign/-/object-assign-4.1.1.tgz"

object-inspect@^1.11.0, object-inspect@^1.9.0:
  version "1.11.0"
  resolved "https://registry.npmjs.org/object-inspect/-/object-inspect-1.11.0.tgz"

object-keys@^1.0.12, object-keys@^1.1.1:
  version "1.1.1"
  resolved "https://registry.npmjs.org/object-keys/-/object-keys-1.1.1.tgz"

object.assign@^4.1.2:
  version "4.1.2"
  resolved "https://registry.npmjs.org/object.assign/-/object.assign-4.1.2.tgz"
  dependencies:
    call-bind "^1.0.0"
    define-properties "^1.1.3"
    has-symbols "^1.0.1"
    object-keys "^1.1.1"

once@^1.3.0:
  version "1.4.0"
  resolved "https://registry.npmjs.org/once/-/once-1.4.0.tgz"
  dependencies:
    wrappy "1"

ow@^0.27.0:
  version "0.27.0"
  resolved "https://registry.npmjs.org/ow/-/ow-0.27.0.tgz"
  dependencies:
    "@sindresorhus/is" "^4.0.1"
    callsites "^3.1.0"
    dot-prop "^6.0.1"
    lodash.isequal "^4.5.0"
    type-fest "^1.2.1"
    vali-date "^1.0.0"

parse5-htmlparser2-tree-adapter@^6.0.1:
  version "6.0.1"
  resolved "https://registry.npmjs.org/parse5-htmlparser2-tree-adapter/-/parse5-htmlparser2-tree-adapter-6.0.1.tgz"
  dependencies:
    parse5 "^6.0.1"

parse5@^6.0.1:
  version "6.0.1"
  resolved "https://registry.npmjs.org/parse5/-/parse5-6.0.1.tgz"

path-is-absolute@^1.0.0:
  version "1.0.1"
  resolved "https://registry.npmjs.org/path-is-absolute/-/path-is-absolute-1.0.1.tgz"

prepend-http@^1.0.1:
  version "1.0.4"
  resolved "https://registry.npmjs.org/prepend-http/-/prepend-http-1.0.4.tgz"

process-nextick-args@~2.0.0:
  version "2.0.1"
  resolved "https://registry.npmjs.org/process-nextick-args/-/process-nextick-args-2.0.1.tgz"

random-puppy@^1.1.0:
  version "1.1.0"
  resolved "https://registry.npmjs.org/random-puppy/-/random-puppy-1.1.0.tgz"
  dependencies:
    eventemitter3 "^1.2.0"
    got "^6.3.0"
    unique-random-array "^1.0.0"

readable-stream@^2.3.5:
  version "2.3.7"
  resolved "https://registry.npmjs.org/readable-stream/-/readable-stream-2.3.7.tgz"
  dependencies:
    core-util-is "~1.0.0"
    inherits "~2.0.3"
    isarray "~1.0.0"
    process-nextick-args "~2.0.0"
    safe-buffer "~5.1.1"
    string_decoder "~1.1.1"
    util-deprecate "~1.0.1"

readable-stream@^3.6.0:
  version "3.6.0"
  resolved "https://registry.npmjs.org/readable-stream/-/readable-stream-3.6.0.tgz"
  dependencies:
    inherits "^2.0.3"
    string_decoder "^1.1.1"
    util-deprecate "^1.0.1"

redstar@0.0.2:
  version "0.0.2"
  resolved "https://registry.npmjs.org/redstar/-/redstar-0.0.2.tgz"
  dependencies:
    minimatch "~3.0.4"

regexp-clone@1.0.0, regexp-clone@^1.0.0:
  version "1.0.0"
  resolved "https://registry.npmjs.org/regexp-clone/-/regexp-clone-1.0.0.tgz"

require_optional@^1.0.1:
  version "1.0.1"
  resolved "https://registry.npmjs.org/require_optional/-/require_optional-1.0.1.tgz"
  dependencies:
    resolve-from "^2.0.0"
    semver "^5.1.0"

resolve-from@^2.0.0:
  version "2.0.0"
  resolved "https://registry.npmjs.org/resolve-from/-/resolve-from-2.0.0.tgz"

restler@~2.0.1:
  version "2.0.1"
  resolved "https://registry.npmjs.org/restler/-/restler-2.0.1.tgz"

rimraf@^3.0.2:
  version "3.0.2"
  resolved "https://registry.npmjs.org/rimraf/-/rimraf-3.0.2.tgz"
  dependencies:
    glob "^7.1.3"

safe-buffer@5.1.2, safe-buffer@^5.1.1, safe-buffer@~5.1.0, safe-buffer@~5.1.1:
  version "5.1.2"
  resolved "https://registry.npmjs.org/safe-buffer/-/safe-buffer-5.1.2.tgz"

safe-buffer@5.2.1, safe-buffer@^5.0.1, safe-buffer@^5.1.2, safe-buffer@~5.2.0:
  version "5.2.1"
  resolved "https://registry.npmjs.org/safe-buffer/-/safe-buffer-5.2.1.tgz"

saslprep@^1.0.0:
  version "1.0.3"
  resolved "https://registry.npmjs.org/saslprep/-/saslprep-1.0.3.tgz"
  dependencies:
    sparse-bitfield "^3.0.3"

sax@^1.1.3, sax@^1.2.4:
  version "1.2.4"
  resolved "https://registry.npmjs.org/sax/-/sax-1.2.4.tgz"

semver@^5.1.0:
  version "5.7.1"
  resolved "https://registry.npmjs.org/semver/-/semver-5.7.1.tgz"

semver@^6.0.0:
  version "6.3.0"
  resolved "https://registry.npmjs.org/semver/-/semver-6.3.0.tgz"

semver@^7.3.5:
  version "7.3.5"
  resolved "https://registry.npmjs.org/semver/-/semver-7.3.5.tgz"
  dependencies:
    lru-cache "^6.0.0"

set-blocking@^2.0.0:
  version "2.0.0"
  resolved "https://registry.npmjs.org/set-blocking/-/set-blocking-2.0.0.tgz"

side-channel@^1.0.4:
  version "1.0.4"
  resolved "https://registry.npmjs.org/side-channel/-/side-channel-1.0.4.tgz"
  dependencies:
    call-bind "^1.0.0"
    get-intrinsic "^1.0.2"
    object-inspect "^1.9.0"

sift@7.0.1:
  version "7.0.1"
  resolved "https://registry.npmjs.org/sift/-/sift-7.0.1.tgz"

signal-exit@^3.0.0:
  version "3.0.5"
  resolved "https://registry.npmjs.org/signal-exit/-/signal-exit-3.0.5.tgz"

sliced@1.0.1:
  version "1.0.1"
  resolved "https://registry.npmjs.org/sliced/-/sliced-1.0.1.tgz"

sparse-bitfield@^3.0.3:
  version "3.0.3"
  resolved "https://registry.npmjs.org/sparse-bitfield/-/sparse-bitfield-3.0.3.tgz"
  dependencies:
    memory-pager "^1.0.2"

"string-width@^1.0.1 || ^2.0.0", string-width@~2.1.1:
  version "2.1.1"
  resolved "https://registry.npmjs.org/string-width/-/string-width-2.1.1.tgz"
  dependencies:
    is-fullwidth-code-point "^2.0.0"
    strip-ansi "^4.0.0"

"string-width@^1.0.2 || 2 || 3 || 4":
  version "4.2.3"
  resolved "https://registry.npmjs.org/string-width/-/string-width-4.2.3.tgz"
  dependencies:
    emoji-regex "^8.0.0"
    is-fullwidth-code-point "^3.0.0"
    strip-ansi "^6.0.1"

string.prototype.trimend@^1.0.4:
  version "1.0.4"
  resolved "https://registry.npmjs.org/string.prototype.trimend/-/string.prototype.trimend-1.0.4.tgz"
  dependencies:
    call-bind "^1.0.2"
    define-properties "^1.1.3"

string.prototype.trimstart@^1.0.4:
  version "1.0.4"
  resolved "https://registry.npmjs.org/string.prototype.trimstart/-/string.prototype.trimstart-1.0.4.tgz"
  dependencies:
    call-bind "^1.0.2"
    define-properties "^1.1.3"

string_decoder@^1.1.1:
  version "1.3.0"
  resolved "https://registry.npmjs.org/string_decoder/-/string_decoder-1.3.0.tgz"
  dependencies:
    safe-buffer "~5.2.0"

string_decoder@~1.1.1:
  version "1.1.1"
  resolved "https://registry.npmjs.org/string_decoder/-/string_decoder-1.1.1.tgz"
  dependencies:
    safe-buffer "~5.1.0"

"strip-ansi@^3.0.1 || ^4.0.0", strip-ansi@^4.0.0:
  version "4.0.0"
  resolved "https://registry.npmjs.org/strip-ansi/-/strip-ansi-4.0.0.tgz"
  dependencies:
    ansi-regex "^3.0.0"

strip-ansi@^6.0.1:
  version "6.0.1"
  resolved "https://registry.npmjs.org/strip-ansi/-/strip-ansi-6.0.1.tgz"
  dependencies:
    ansi-regex "^5.0.1"

tar@^6.1.8:
  version "6.1.11"
  resolved "https://registry.npmjs.org/tar/-/tar-6.1.11.tgz"
  dependencies:
    chownr "^2.0.0"
    fs-minipass "^2.0.0"
    minipass "^3.0.0"
    minizlib "^2.1.1"
    mkdirp "^1.0.3"
    yallist "^4.0.0"

timed-out@^4.0.0:
  version "4.0.1"
  resolved "https://registry.npmjs.org/timed-out/-/timed-out-4.0.1.tgz"

timers-ext@0.1, timers-ext@^0.1.7:
  version "0.1.7"
  resolved "https://registry.npmjs.org/timers-ext/-/timers-ext-0.1.7.tgz"
  dependencies:
    es5-ext "~0.10.46"
    next-tick "1"

top-package@^1.0.0:
  version "1.0.1"
  resolved "https://registry.npmjs.org/top-package/-/top-package-1.0.1.tgz"

tr46@~0.0.3:
  version "0.0.3"
  resolved "https://registry.npmjs.org/tr46/-/tr46-0.0.3.tgz"

trello@^0.3.0:
  version "0.3.0"
  resolved "https://registry.npmjs.org/trello/-/trello-0.3.0.tgz"
  dependencies:
    restler "~2.0.1"

ts-mixer@^6.0.0:
  version "6.0.0"
  resolved "https://registry.npmjs.org/ts-mixer/-/ts-mixer-6.0.0.tgz"

tslib@^2.0.3, tslib@^2.1.0, tslib@^2.2.0, tslib@^2.3.0, tslib@^2.3.1:
  version "2.3.1"
  resolved "https://registry.npmjs.org/tslib/-/tslib-2.3.1.tgz"

ttys@0.0.3:
  version "0.0.3"
  resolved "https://registry.npmjs.org/ttys/-/ttys-0.0.3.tgz"

twitch-api-call@^4.6.7:
  version "4.6.7"
  resolved "https://registry.npmjs.org/twitch-api-call/-/twitch-api-call-4.6.7.tgz"
  dependencies:
    "@d-fischer/cross-fetch" "^4.0.2"
    "@d-fischer/qs" "^7.0.2"
    "@types/node-fetch" "^2.5.7"
    node-fetch "^2.6.1"
    tslib "^2.0.3"
    twitch-common "^4.6.7"

twitch-auth@^4.6.7:
  version "4.6.7"
  resolved "https://registry.npmjs.org/twitch-auth/-/twitch-auth-4.6.7.tgz"
  dependencies:
    "@d-fischer/deprecate" "^2.0.2"
    "@d-fischer/logger" "^3.1.0"
    "@d-fischer/shared-utils" "^3.0.1"
    tslib "^2.0.3"
    twitch-api-call "^4.6.7"
    twitch-common "^4.6.7"

twitch-common@^4.6.7:
  version "4.6.7"
  resolved "https://registry.npmjs.org/twitch-common/-/twitch-common-4.6.7.tgz"
  dependencies:
    "@d-fischer/logger" "^3.1.0"
    "@d-fischer/shared-utils" "^3.0.1"
    tslib "^2.0.3"

twitch@^4.6.7:
  version "4.6.7"
  resolved "https://registry.npmjs.org/twitch/-/twitch-4.6.7.tgz"
  dependencies:
    "@d-fischer/cache-decorators" "^2.1.1"
    "@d-fischer/deprecate" "^2.0.2"
    "@d-fischer/logger" "^3.1.0"
    "@d-fischer/rate-limiter" "^0.4.3"
    "@d-fischer/shared-utils" "^3.0.1"
    top-package "^1.0.0"
    tslib "^2.0.3"
    twitch-api-call "^4.6.7"
    twitch-auth "^4.6.7"
    twitch-common "^4.6.7"

type-fest@^1.2.1:
  version "1.4.0"
  resolved "https://registry.npmjs.org/type-fest/-/type-fest-1.4.0.tgz"

type@^1.0.1:
  version "1.2.0"
  resolved "https://registry.npmjs.org/type/-/type-1.2.0.tgz"

type@^2.5.0:
  version "2.5.0"
  resolved "https://registry.npmjs.org/type/-/type-2.5.0.tgz"

unbox-primitive@^1.0.1:
  version "1.0.1"
  resolved "https://registry.npmjs.org/unbox-primitive/-/unbox-primitive-1.0.1.tgz"
  dependencies:
    function-bind "^1.1.1"
    has-bigints "^1.0.1"
    has-symbols "^1.0.2"
    which-boxed-primitive "^1.0.2"

unique-random-array@^1.0.0:
  version "1.0.1"
  resolved "https://registry.npmjs.org/unique-random-array/-/unique-random-array-1.0.1.tgz"
  dependencies:
    unique-random "^1.0.0"

unique-random@^1.0.0:
  version "1.0.0"
  resolved "https://registry.npmjs.org/unique-random/-/unique-random-1.0.0.tgz"

unzip-response@^2.0.1:
  version "2.0.1"
  resolved "https://registry.npmjs.org/unzip-response/-/unzip-response-2.0.1.tgz"

url-parse-lax@^1.0.0:
  version "1.0.0"
  resolved "https://registry.npmjs.org/url-parse-lax/-/url-parse-lax-1.0.0.tgz"
  dependencies:
    prepend-http "^1.0.1"

util-deprecate@^1.0.1, util-deprecate@~1.0.1:
  version "1.0.2"
  resolved "https://registry.npmjs.org/util-deprecate/-/util-deprecate-1.0.2.tgz"

vali-date@^1.0.0:
  version "1.0.0"
  resolved "https://registry.npmjs.org/vali-date/-/vali-date-1.0.0.tgz"

web-streams-polyfill@^3.0.3:
  version "3.1.1"
  resolved "https://registry.npmjs.org/web-streams-polyfill/-/web-streams-polyfill-3.1.1.tgz"

webidl-conversions@^3.0.0:
  version "3.0.1"
  resolved "https://registry.npmjs.org/webidl-conversions/-/webidl-conversions-3.0.1.tgz"

whatwg-url@^5.0.0:
  version "5.0.0"
  resolved "https://registry.npmjs.org/whatwg-url/-/whatwg-url-5.0.0.tgz"
  dependencies:
    tr46 "~0.0.3"
    webidl-conversions "^3.0.0"

which-boxed-primitive@^1.0.2:
  version "1.0.2"
  resolved "https://registry.npmjs.org/which-boxed-primitive/-/which-boxed-primitive-1.0.2.tgz"
  dependencies:
    is-bigint "^1.0.1"
    is-boolean-object "^1.1.0"
    is-number-object "^1.0.4"
    is-string "^1.0.5"
    is-symbol "^1.0.3"

wide-align@^1.1.2:
  version "1.1.5"
  resolved "https://registry.npmjs.org/wide-align/-/wide-align-1.1.5.tgz"
  dependencies:
    string-width "^1.0.2 || 2 || 3 || 4"

wrappy@1:
  version "1.0.2"
  resolved "https://registry.npmjs.org/wrappy/-/wrappy-1.0.2.tgz"

ws@^8.2.3:
  version "8.2.3"
  resolved "https://registry.npmjs.org/ws/-/ws-8.2.3.tgz"

yallist@^4.0.0:
  version "4.0.0"
  resolved "https://registry.npmjs.org/yallist/-/yallist-4.0.0.tgz"

yt-search@^2.10.2:
  version "2.10.2"
  resolved "https://registry.npmjs.org/yt-search/-/yt-search-2.10.2.tgz"
  dependencies:
    async.parallellimit "~0.5.2"
    boolstring "~1.0.2"
    cheerio "^1.0.0-rc.10"
    dasu "~0.4.2"
    human-time "0.0.2"
    jsonpath-plus "~5.0.2"
    minimist "~1.2.5"
    node-fzf "~0.5.1"

ytdl-core@^4.9.1:
  version "4.9.1"
  resolved "https://registry.npmjs.org/ytdl-core/-/ytdl-core-4.9.1.tgz"
  dependencies:
    m3u8stream "^0.8.3"
    miniget "^4.0.0"
    sax "^1.1.3"
